// !$*UTF8*$!
{
	archiveVersion = 1;
	classes = {
	};
	objectVersion = 55;
	objects = {

/* Begin PBXBuildFile section */
		5105182128180E9A003872CD /* FirstIosAPPApp.swift in Sources */ = {isa = PBXBuildFile; fileRef = 5105182028180E9A003872CD /* FirstIosAPPApp.swift */; };
		5105182328180E9A003872CD /* ContentView.swift in Sources */ = {isa = PBXBuildFile; fileRef = 5105182228180E9A003872CD /* ContentView.swift */; };
		5105182528180E9D003872CD /* Assets.xcassets in Resources */ = {isa = PBXBuildFile; fileRef = 5105182428180E9D003872CD /* Assets.xcassets */; };
		5105182828180E9D003872CD /* Preview Assets.xcassets in Resources */ = {isa = PBXBuildFile; fileRef = 5105182728180E9D003872CD /* Preview Assets.xcassets */; };
		5105183228180E9D003872CD /* FirstIosAPPTests.swift in Sources */ = {isa = PBXBuildFile; fileRef = 5105183128180E9D003872CD /* FirstIosAPPTests.swift */; };
		5105183C28180E9D003872CD /* FirstIosAPPUITests.swift in Sources */ = {isa = PBXBuildFile; fileRef = 5105183B28180E9D003872CD /* FirstIosAPPUITests.swift */; };
		5105183E28180E9D003872CD /* FirstIosAPPUITestsLaunchTests.swift in Sources */ = {isa = PBXBuildFile; fileRef = 5105183D28180E9D003872CD /* FirstIosAPPUITestsLaunchTests.swift */; };
/* End PBXBuildFile section */

/* Begin PBXContainerItemProxy section */
		5105182E28180E9D003872CD /* PBXContainerItemProxy */ = {
			isa = PBXContainerItemProxy;
			containerPortal = 5105181528180E99003872CD /* Project object */;
			proxyType = 1;
			remoteGlobalIDString = 5105181C28180E9A003872CD;
			remoteInfo = FirstIosAPP;
		};
		5105183828180E9D003872CD /* PBXContainerItemProxy */ = {
			isa = PBXContainerItemProxy;
			containerPortal = 5105181528180E99003872CD /* Project object */;
			proxyType = 1;
			remoteGlobalIDString = 5105181C28180E9A003872CD;
			remoteInfo = FirstIosAPP;
		};
/* End PBXContainerItemProxy section */

/* Begin PBXFileReference section */
		5105181D28180E9A003872CD /* FirstIosAPP.app */ = {isa = PBXFileReference; explicitFileType = wrapper.application; includeInIndex = 0; path = FirstIosAPP.app; sourceTree = BUILT_PRODUCTS_DIR; };
		5105182028180E9A003872CD /* FirstIosAPPApp.swift */ = {isa = PBXFileReference; lastKnownFileType = sourcecode.swift; path = FirstIosAPPApp.swift; sourceTree = "<group>"; };
		5105182228180E9A003872CD /* ContentView.swift */ = {isa = PBXFileReference; lastKnownFileType = sourcecode.swift; path = ContentView.swift; sourceTree = "<group>"; };
		5105182428180E9D003872CD /* Assets.xcassets */ = {isa = PBXFileReference; lastKnownFileType = folder.assetcatalog; path = Assets.xcassets; sourceTree = "<group>"; };
		5105182728180E9D003872CD /* Preview Assets.xcassets */ = {isa = PBXFileReference; lastKnownFileType = folder.assetcatalog; path = "Preview Assets.xcassets"; sourceTree = "<group>"; };
		5105182D28180E9D003872CD /* FirstIosAPPTests.xctest */ = {isa = PBXFileReference; explicitFileType = wrapper.cfbundle; includeInIndex = 0; path = FirstIosAPPTests.xctest; sourceTree = BUILT_PRODUCTS_DIR; };
		5105183128180E9D003872CD /* FirstIosAPPTests.swift */ = {isa = PBXFileReference; lastKnownFileType = sourcecode.swift; path = FirstIosAPPTests.swift; sourceTree = "<group>"; };
		5105183728180E9D003872CD /* FirstIosAPPUITests.xctest */ = {isa = PBXFileReference; explicitFileType = wrapper.cfbundle; includeInIndex = 0; path = FirstIosAPPUITests.xctest; sourceTree = BUILT_PRODUCTS_DIR; };
		5105183B28180E9D003872CD /* FirstIosAPPUITests.swift */ = {isa = PBXFileReference; lastKnownFileType = sourcecode.swift; path = FirstIosAPPUITests.swift; sourceTree = "<group>"; };
		5105183D28180E9D003872CD /* FirstIosAPPUITestsLaunchTests.swift */ = {isa = PBXFileReference; lastKnownFileType = sourcecode.swift; path = FirstIosAPPUITestsLaunchTests.swift; sourceTree = "<group>"; };
/* End PBXFileReference section */

/* Begin PBXFrameworksBuildPhase section */
		5105181A28180E9A003872CD /* Frameworks */ = {
			isa = PBXFrameworksBuildPhase;
			buildActionMask = 2147483647;
			files = (
			);
			runOnlyForDeploymentPostprocessing = 0;
		};
		5105182A28180E9D003872CD /* Frameworks */ = {
			isa = PBXFrameworksBuildPhase;
			buildActionMask = 2147483647;
			files = (
			);
			runOnlyForDeploymentPostprocessing = 0;
		};
		5105183428180E9D003872CD /* Frameworks */ = {
			isa = PBXFrameworksBuildPhase;
			buildActionMask = 2147483647;
			files = (
			);
			runOnlyForDeploymentPostprocessing = 0;
		};
/* End PBXFrameworksBuildPhase section */

/* Begin PBXGroup section */
		5105181428180E99003872CD = {
			isa = PBXGroup;
			children = (
				5105181F28180E9A003872CD /* FirstIosAPP */,
				5105183028180E9D003872CD /* FirstIosAPPTests */,
				5105183A28180E9D003872CD /* FirstIosAPPUITests */,
				5105181E28180E9A003872CD /* Products */,
			);
			sourceTree = "<group>";
		};
		5105181E28180E9A003872CD /* Products */ = {
			isa = PBXGroup;
			children = (
				5105181D28180E9A003872CD /* FirstIosAPP.app */,
				5105182D28180E9D003872CD /* FirstIosAPPTests.xctest */,
				5105183728180E9D003872CD /* FirstIosAPPUITests.xctest */,
			);
			name = Products;
			sourceTree = "<group>";
		};
		5105181F28180E9A003872CD /* FirstIosAPP */ = {
			isa = PBXGroup;
			children = (
				5105182028180E9A003872CD /* FirstIosAPPApp.swift */,
				5105182228180E9A003872CD /* ContentView.swift */,
				5105182428180E9D003872CD /* Assets.xcassets */,
				5105182628180E9D003872CD /* Preview Content */,
			);
			path = FirstIosAPP;
			sourceTree = "<group>";
		};
		5105182628180E9D003872CD /* Preview Content */ = {
			isa = PBXGroup;
			children = (
				5105182728180E9D003872CD /* Preview Assets.xcassets */,
			);
			path = "Preview Content";
			sourceTree = "<group>";
		};
		5105183028180E9D003872CD /* FirstIosAPPTests */ = {
			isa = PBXGroup;
			children = (
				5105183128180E9D003872CD /* FirstIosAPPTests.swift */,
			);
			path = FirstIosAPPTests;
			sourceTree = "<group>";
		};
		5105183A28180E9D003872CD /* FirstIosAPPUITests */ = {
			isa = PBXGroup;
			children = (
				5105183B28180E9D003872CD /* FirstIosAPPUITests.swift */,
				5105183D28180E9D003872CD /* FirstIosAPPUITestsLaunchTests.swift */,
			);
			path = FirstIosAPPUITests;
			sourceTree = "<group>";
		};
/* End PBXGroup section */

/* Begin PBXNativeTarget section */
		5105181C28180E9A003872CD /* FirstIosAPP */ = {
			isa = PBXNativeTarget;
			buildConfigurationList = 5105184128180E9D003872CD /* Build configuration list for PBXNativeTarget "FirstIosAPP" */;
			buildPhases = (
				5105181928180E9A003872CD /* Sources */,
				5105181A28180E9A003872CD /* Frameworks */,
				5105181B28180E9A003872CD /* Resources */,
			);
			buildRules = (
			);
			dependencies = (
			);
			name = FirstIosAPP;
			productName = FirstIosAPP;
			productReference = 5105181D28180E9A003872CD /* FirstIosAPP.app */;
			productType = "com.apple.product-type.application";
		};
		5105182C28180E9D003872CD /* FirstIosAPPTests */ = {
			isa = PBXNativeTarget;
			buildConfigurationList = 5105184428180E9D003872CD /* Build configuration list for PBXNativeTarget "FirstIosAPPTests" */;
			buildPhases = (
				5105182928180E9D003872CD /* Sources */,
				5105182A28180E9D003872CD /* Frameworks */,
				5105182B28180E9D003872CD /* Resources */,
			);
			buildRules = (
			);
			dependencies = (
				5105182F28180E9D003872CD /* PBXTargetDependency */,
			);
			name = FirstIosAPPTests;
			productName = FirstIosAPPTests;
			productReference = 5105182D28180E9D003872CD /* FirstIosAPPTests.xctest */;
			productType = "com.apple.product-type.bundle.unit-test";
		};
		5105183628180E9D003872CD /* FirstIosAPPUITests */ = {
			isa = PBXNativeTarget;
			buildConfigurationList = 5105184728180E9D003872CD /* Build configuration list for PBXNativeTarget "FirstIosAPPUITests" */;
			buildPhases = (
				5105183328180E9D003872CD /* Sources */,
				5105183428180E9D003872CD /* Frameworks */,
				5105183528180E9D003872CD /* Resources */,
			);
			buildRules = (
			);
			dependencies = (
				5105183928180E9D003872CD /* PBXTargetDependency */,
			);
			name = FirstIosAPPUITests;
			productName = FirstIosAPPUITests;
			productReference = 5105183728180E9D003872CD /* FirstIosAPPUITests.xctest */;
			productType = "com.apple.product-type.bundle.ui-testing";
		};
/* End PBXNativeTarget section */

/* Begin PBXProject section */
		5105181528180E99003872CD /* Project object */ = {
			isa = PBXProject;
			attributes = {
				BuildIndependentTargetsInParallel = 1;
				LastSwiftUpdateCheck = 1330;
				LastUpgradeCheck = 1330;
				TargetAttributes = {
					5105181C28180E9A003872CD = {
						CreatedOnToolsVersion = 13.3.1;
					};
					5105182C28180E9D003872CD = {
						CreatedOnToolsVersion = 13.3.1;
						TestTargetID = 5105181C28180E9A003872CD;
					};
					5105183628180E9D003872CD = {
						CreatedOnToolsVersion = 13.3.1;
						TestTargetID = 5105181C28180E9A003872CD;
					};
				};
			};
			buildConfigurationList = 5105181828180E9A003872CD /* Build configuration list for PBXProject "FirstIosAPP" */;
			compatibilityVersion = "Xcode 13.0";
			developmentRegion = en;
			hasScannedForEncodings = 0;
			knownRegions = (
				en,
				Base,
			);
			mainGroup = 5105181428180E99003872CD;
			productRefGroup = 5105181E28180E9A003872CD /* Products */;
			projectDirPath = "";
			projectRoot = "";
			targets = (
				5105181C28180E9A003872CD /* FirstIosAPP */,
				5105182C28180E9D003872CD /* FirstIosAPPTests */,
				5105183628180E9D003872CD /* FirstIosAPPUITests */,
			);
		};
/* End PBXProject section */

/* Begin PBXResourcesBuildPhase section */
		5105181B28180E9A003872CD /* Resources */ = {
			isa = PBXResourcesBuildPhase;
			buildActionMask = 2147483647;
			files = (
				5105182828180E9D003872CD /* Preview Assets.xcassets in Resources */,
				5105182528180E9D003872CD /* Assets.xcassets in Resources */,
			);
			runOnlyForDeploymentPostprocessing = 0;
		};
		5105182B28180E9D003872CD /* Resources */ = {
			isa = PBXResourcesBuildPhase;
			buildActionMask = 2147483647;
			files = (
			);
			runOnlyForDeploymentPostprocessing = 0;
		};
		5105183528180E9D003872CD /* Resources */ = {
			isa = PBXResourcesBuildPhase;
			buildActionMask = 2147483647;
			files = (
			);
			runOnlyForDeploymentPostprocessing = 0;
		};
/* End PBXResourcesBuildPhase section */

/* Begin PBXSourcesBuildPhase section */
		5105181928180E9A003872CD /* Sources */ = {
			isa = PBXSourcesBuildPhase;
			buildActionMask = 2147483647;
			files = (
				5105182328180E9A003872CD /* ContentView.swift in Sources */,
				5105182128180E9A003872CD /* FirstIosAPPApp.swift in Sources */,
			);
			runOnlyForDeploymentPostprocessing = 0;
		};
		5105182928180E9D003872CD /* Sources */ = {
			isa = PBXSourcesBuildPhase;
			buildActionMask = 2147483647;
			files = (
				5105183228180E9D003872CD /* FirstIosAPPTests.swift in Sources */,
			);
			runOnlyForDeploymentPostprocessing = 0;
		};
		5105183328180E9D003872CD /* Sources */ = {
			isa = PBXSourcesBuildPhase;
			buildActionMask = 2147483647;
			files = (
				5105183C28180E9D003872CD /* FirstIosAPPUITests.swift in Sources */,
				5105183E28180E9D003872CD /* FirstIosAPPUITestsLaunchTests.swift in Sources */,
			);
			runOnlyForDeploymentPostprocessing = 0;
		};
/* End PBXSourcesBuildPhase section */

/* Begin PBXTargetDependency section */
		5105182F28180E9D003872CD /* PBXTargetDependency */ = {
			isa = PBXTargetDependency;
			target = 5105181C28180E9A003872CD /* FirstIosAPP */;
			targetProxy = 5105182E28180E9D003872CD /* PBXContainerItemProxy */;
		};
		5105183928180E9D003872CD /* PBXTargetDependency */ = {
			isa = PBXTargetDependency;
			target = 5105181C28180E9A003872CD /* FirstIosAPP */;
			targetProxy = 5105183828180E9D003872CD /* PBXContainerItemProxy */;
		};
/* End PBXTargetDependency section */

/* Begin XCBuildConfiguration section */
		5105183F28180E9D003872CD /* Debug */ = {
			isa = XCBuildConfiguration;
			buildSettings = {
				ALWAYS_SEARCH_USER_PATHS = NO;
				CLANG_ANALYZER_NONNULL = YES;
				CLANG_ANALYZER_NUMBER_OBJECT_CONVERSION = YES_AGGRESSIVE;
				CLANG_CXX_LANGUAGE_STANDARD = "gnu++17";
				CLANG_ENABLE_MODULES = YES;
				CLANG_ENABLE_OBJC_ARC = YES;
				CLANG_ENABLE_OBJC_WEAK = YES;
				CLANG_WARN_BLOCK_CAPTURE_AUTORELEASING = YES;
				CLANG_WARN_BOOL_CONVERSION = YES;
				CLANG_WARN_COMMA = YES;
				CLANG_WARN_CONSTANT_CONVERSION = YES;
				CLANG_WARN_DEPRECATED_OBJC_IMPLEMENTATIONS = YES;
				CLANG_WARN_DIRECT_OBJC_ISA_USAGE = YES_ERROR;
				CLANG_WARN_DOCUMENTATION_COMMENTS = YES;
				CLANG_WARN_EMPTY_BODY = YES;
				CLANG_WARN_ENUM_CONVERSION = YES;
				CLANG_WARN_INFINITE_RECURSION = YES;
				CLANG_WARN_INT_CONVERSION = YES;
				CLANG_WARN_NON_LITERAL_NULL_CONVERSION = YES;
				CLANG_WARN_OBJC_IMPLICIT_RETAIN_SELF = YES;
				CLANG_WARN_OBJC_LITERAL_CONVERSION = YES;
				CLANG_WARN_OBJC_ROOT_CLASS = YES_ERROR;
				CLANG_WARN_QUOTED_INCLUDE_IN_FRAMEWORK_HEADER = YES;
				CLANG_WARN_RANGE_LOOP_ANALYSIS = YES;
				CLANG_WARN_STRICT_PROTOTYPES = YES;
				CLANG_WARN_SUSPICIOUS_MOVE = YES;
				CLANG_WARN_UNGUARDED_AVAILABILITY = YES_AGGRESSIVE;
				CLANG_WARN_UNREACHABLE_CODE = YES;
				CLANG_WARN__DUPLICATE_METHOD_MATCH = YES;
				COPY_PHASE_STRIP = NO;
				DEBUG_INFORMATION_FORMAT = dwarf;
				ENABLE_STRICT_OBJC_MSGSEND = YES;
				ENABLE_TESTABILITY = YES;
				GCC_C_LANGUAGE_STANDARD = gnu11;
				GCC_DYNAMIC_NO_PIC = NO;
				GCC_NO_COMMON_BLOCKS = YES;
				GCC_OPTIMIZATION_LEVEL = 0;
				GCC_PREPROCESSOR_DEFINITIONS = (
					"DEBUG=1",
					"$(inherited)",
				);
				GCC_WARN_64_TO_32_BIT_CONVERSION = YES;
				GCC_WARN_ABOUT_RETURN_TYPE = YES_ERROR;
				GCC_WARN_UNDECLARED_SELECTOR = YES;
				GCC_WARN_UNINITIALIZED_AUTOS = YES_AGGRESSIVE;
				GCC_WARN_UNUSED_FUNCTION = YES;
				GCC_WARN_UNUSED_VARIABLE = YES;
				IPHONEOS_DEPLOYMENT_TARGET = 15.4;
				MTL_ENABLE_DEBUG_INFO = INCLUDE_SOURCE;
				MTL_FAST_MATH = YES;
				ONLY_ACTIVE_ARCH = YES;
				SDKROOT = iphoneos;
				SWIFT_ACTIVE_COMPILATION_CONDITIONS = DEBUG;
				SWIFT_OPTIMIZATION_LEVEL = "-Onone";
			};
			name = Debug;
		};
		5105184028180E9D003872CD /* Release */ = {
			isa = XCBuildConfiguration;
			buildSettings = {
				ALWAYS_SEARCH_USER_PATHS = NO;
				CLANG_ANALYZER_NONNULL = YES;
				CLANG_ANALYZER_NUMBER_OBJECT_CONVERSION = YES_AGGRESSIVE;
				CLANG_CXX_LANGUAGE_STANDARD = "gnu++17";
				CLANG_ENABLE_MODULES = YES;
				CLANG_ENABLE_OBJC_ARC = YES;
				CLANG_ENABLE_OBJC_WEAK = YES;
				CLANG_WARN_BLOCK_CAPTURE_AUTORELEASING = YES;
				CLANG_WARN_BOOL_CONVERSION = YES;
				CLANG_WARN_COMMA = YES;
				CLANG_WARN_CONSTANT_CONVERSION = YES;
				CLANG_WARN_DEPRECATED_OBJC_IMPLEMENTATIONS = YES;
				CLANG_WARN_DIRECT_OBJC_ISA_USAGE = YES_ERROR;
				CLANG_WARN_DOCUMENTATION_COMMENTS = YES;
				CLANG_WARN_EMPTY_BODY = YES;
				CLANG_WARN_ENUM_CONVERSION = YES;
				CLANG_WARN_INFINITE_RECURSION = YES;
				CLANG_WARN_INT_CONVERSION = YES;
				CLANG_WARN_NON_LITERAL_NULL_CONVERSION = YES;
				CLANG_WARN_OBJC_IMPLICIT_RETAIN_SELF = YES;
				CLANG_WARN_OBJC_LITERAL_CONVERSION = YES;
				CLANG_WARN_OBJC_ROOT_CLASS = YES_ERROR;
				CLANG_WARN_QUOTED_INCLUDE_IN_FRAMEWORK_HEADER = YES;
				CLANG_WARN_RANGE_LOOP_ANALYSIS = YES;
				CLANG_WARN_STRICT_PROTOTYPES = YES;
				CLANG_WARN_SUSPICIOUS_MOVE = YES;
				CLANG_WARN_UNGUARDED_AVAILABILITY = YES_AGGRESSIVE;
				CLANG_WARN_UNREACHABLE_CODE = YES;
				CLANG_WARN__DUPLICATE_METHOD_MATCH = YES;
				COPY_PHASE_STRIP = NO;
				DEBUG_INFORMATION_FORMAT = "dwarf-with-dsym";
				ENABLE_NS_ASSERTIONS = NO;
				ENABLE_STRICT_OBJC_MSGSEND = YES;
				GCC_C_LANGUAGE_STANDARD = gnu11;
				GCC_NO_COMMON_BLOCKS = YES;
				GCC_WARN_64_TO_32_BIT_CONVERSION = YES;
				GCC_WARN_ABOUT_RETURN_TYPE = YES_ERROR;
				GCC_WARN_UNDECLARED_SELECTOR = YES;
				GCC_WARN_UNINITIALIZED_AUTOS = YES_AGGRESSIVE;
				GCC_WARN_UNUSED_FUNCTION = YES;
				GCC_WARN_UNUSED_VARIABLE = YES;
				IPHONEOS_DEPLOYMENT_TARGET = 15.4;
				MTL_ENABLE_DEBUG_INFO = NO;
				MTL_FAST_MATH = YES;
				SDKROOT = iphoneos;
				SWIFT_COMPILATION_MODE = wholemodule;
				SWIFT_OPTIMIZATION_LEVEL = "-O";
				VALIDATE_PRODUCT = YES;
			};
			name = Release;
		};
		5105184228180E9D003872CD /* Debug */ = {
			isa = XCBuildConfiguration;
			buildSettings = {
				ASSETCATALOG_COMPILER_APPICON_NAME = AppIcon;
				ASSETCATALOG_COMPILER_GLOBAL_ACCENT_COLOR_NAME = AccentColor;
				CODE_SIGN_STYLE = Automatic;
				CURRENT_PROJECT_VERSION = 1;
				DEVELOPMENT_ASSET_PATHS = "\"FirstIosAPP/Preview Content\"";
				ENABLE_PREVIEWS = YES;
				GENERATE_INFOPLIST_FILE = YES;
				INFOPLIST_KEY_UIApplicationSceneManifest_Generation = YES;
				INFOPLIST_KEY_UIApplicationSupportsIndirectInputEvents = YES;
				INFOPLIST_KEY_UILaunchScreen_Generation = YES;
				INFOPLIST_KEY_UISupportedInterfaceOrientations_iPad = "UIInterfaceOrientationPortrait UIInterfaceOrientationPortraitUpsideDown UIInterfaceOrientationLandscapeLeft UIInterfaceOrientationLandscapeRight";
				INFOPLIST_KEY_UISupportedInterfaceOrientations_iPhone = "UIInterfaceOrientationPortrait UIInterfaceOrientationLandscapeLeft UIInterfaceOrientationLandscapeRight";
				LD_RUNPATH_SEARCH_PATHS = (
					"$(inherited)",
					"@executable_path/Frameworks",
				);
				MARKETING_VERSION = 1.0;
				PRODUCT_BUNDLE_IDENTIFIER = firstapp.FirstIosAPP;
				PRODUCT_NAME = "$(TARGET_NAME)";
				SWIFT_EMIT_LOC_STRINGS = YES;
				SWIFT_VERSION = 5.0;
				TARGETED_DEVICE_FAMILY = "1,2";
			};
			name = Debug;
		};
		5105184328180E9D003872CD /* Release */ = {
			isa = XCBuildConfiguration;
			buildSettings = {
				ASSETCATALOG_COMPILER_APPICON_NAME = AppIcon;
				ASSETCATALOG_COMPILER_GLOBAL_ACCENT_COLOR_NAME = AccentColor;
				CODE_SIGN_STYLE = Automatic;
				CURRENT_PROJECT_VERSION = 1;
				DEVELOPMENT_ASSET_PATHS = "\"FirstIosAPP/Preview Content\"";
				ENABLE_PREVIEWS = YES;
				GENERATE_INFOPLIST_FILE = YES;
				INFOPLIST_KEY_UIApplicationSceneManifest_Generation = YES;
				INFOPLIST_KEY_UIApplicationSupportsIndirectInputEvents = YES;
				INFOPLIST_KEY_UILaunchScreen_Generation = YES;
				INFOPLIST_KEY_UISupportedInterfaceOrientations_iPad = "UIInterfaceOrientationPortrait UIInterfaceOrientationPortraitUpsideDown UIInterfaceOrientationLandscapeLeft UIInterfaceOrientationLandscapeRight";
				INFOPLIST_KEY_UISupportedInterfaceOrientations_iPhone = "UIInterfaceOrientationPortrait UIInterfaceOrientationLandscapeLeft UIInterfaceOrientationLandscapeRight";
				LD_RUNPATH_SEARCH_PATHS = (
					"$(inherited)",
					"@executable_path/Frameworks",
				);
				MARKETING_VERSION = 1.0;
				PRODUCT_BUNDLE_IDENTIFIER = firstapp.FirstIosAPP;
				PRODUCT_NAME = "$(TARGET_NAME)";
				SWIFT_EMIT_LOC_STRINGS = YES;
				SWIFT_VERSION = 5.0;
				TARGETED_DEVICE_FAMILY = "1,2";
			};
			name = Release;
		};
		5105184528180E9D003872CD /* Debug */ = {
			isa = XCBuildConfiguration;
			buildSettings = {
				ALWAYS_EMBED_SWIFT_STANDARD_LIBRARIES = YES;
				BUNDLE_LOADER = "$(TEST_HOST)";
				CODE_SIGN_STYLE = Automatic;
				CURRENT_PROJECT_VERSION = 1;
				GENERATE_INFOPLIST_FILE = YES;
				IPHONEOS_DEPLOYMENT_TARGET = 15.4;
				MARKETING_VERSION = 1.0;
				PRODUCT_BUNDLE_IDENTIFIER = firstapp.FirstIosAPPTests;
				PRODUCT_NAME = "$(TARGET_NAME)";
				SWIFT_EMIT_LOC_STRINGS = NO;
				SWIFT_VERSION = 5.0;
				TARGETED_DEVICE_FAMILY = "1,2";
				TEST_HOST = "$(BUILT_PRODUCTS_DIR)/FirstIosAPP.app/FirstIosAPP";
			};
			name = Debug;
		};
		5105184628180E9D003872CD /* Release */ = {
			isa = XCBuildConfiguration;
			buildSettings = {
				ALWAYS_EMBED_SWIFT_STANDARD_LIBRARIES = YES;
				BUNDLE_LOADER = "$(TEST_HOST)";
				CODE_SIGN_STYLE = Automatic;
				CURRENT_PROJECT_VERSION = 1;
				GENERATE_INFOPLIST_FILE = YES;
				IPHONEOS_DEPLOYMENT_TARGET = 15.4;
				MARKETING_VERSION = 1.0;
				PRODUCT_BUNDLE_IDENTIFIER = firstapp.FirstIosAPPTests;
				PRODUCT_NAME = "$(TARGET_NAME)";
				SWIFT_EMIT_LOC_STRINGS = NO;
				SWIFT_VERSION = 5.0;
				TARGETED_DEVICE_FAMILY = "1,2";
				TEST_HOST = "$(BUILT_PRODUCTS_DIR)/FirstIosAPP.app/FirstIosAPP";
			};
			name = Release;
		};
		5105184828180E9D003872CD /* Debug */ = {
			isa = XCBuildConfiguration;
			buildSettings = {
				ALWAYS_EMBED_SWIFT_STANDARD_LIBRARIES = YES;
				CODE_SIGN_STYLE = Automatic;
				CURRENT_PROJECT_VERSION = 1;
				GENERATE_INFOPLIST_FILE = YES;
				MARKETING_VERSION = 1.0;
				PRODUCT_BUNDLE_IDENTIFIER = firstapp.FirstIosAPPUITests;
				PRODUCT_NAME = "$(TARGET_NAME)";
				SWIFT_EMIT_LOC_STRINGS = NO;
				SWIFT_VERSION = 5.0;
				TARGETED_DEVICE_FAMILY = "1,2";
				TEST_TARGET_NAME = FirstIosAPP;
			};
			name = Debug;
		};
		5105184928180E9D003872CD /* Release */ = {
			isa = XCBuildConfiguration;
			buildSettings = {
				ALWAYS_EMBED_SWIFT_STANDARD_LIBRARIES = YES;
				CODE_SIGN_STYLE = Automatic;
				CURRENT_PROJECT_VERSION = 1;
				GENERATE_INFOPLIST_FILE = YES;
				MARKETING_VERSION = 1.0;
				PRODUCT_BUNDLE_IDENTIFIER = firstapp.FirstIosAPPUITests;
				PRODUCT_NAME = "$(TARGET_NAME)";
				SWIFT_EMIT_LOC_STRINGS = NO;
				SWIFT_VERSION = 5.0;
				TARGETED_DEVICE_FAMILY = "1,2";
				TEST_TARGET_NAME = FirstIosAPP;
			};
			name = Release;
		};
/* End XCBuildConfiguration section */

/* Begin XCConfigurationList section */
		5105181828180E9A003872CD /* Build configuration list for PBXProject "FirstIosAPP" */ = {
			isa = XCConfigurationList;
			buildConfigurations = (
				5105183F28180E9D003872CD /* Debug */,
				5105184028180E9D003872CD /* Release */,
			);
			defaultConfigurationIsVisible = 0;
			defaultConfigurationName = Release;
		};
		5105184128180E9D003872CD /* Build configuration list for PBXNativeTarget "FirstIosAPP" */ = {
			isa = XCConfigurationList;
			buildConfigurations = (
				5105184228180E9D003872CD /* Debug */,
				5105184328180E9D003872CD /* Release */,
			);
			defaultConfigurationIsVisible = 0;
			defaultConfigurationName = Release;
		};
		5105184428180E9D003872CD /* Build configuration list for PBXNativeTarget "FirstIosAPPTests" */ = {
			isa = XCConfigurationList;
			buildConfigurations = (
				5105184528180E9D003872CD /* Debug */,
				5105184628180E9D003872CD /* Release */,
			);
			defaultConfigurationIsVisible = 0;
			defaultConfigurationName = Release;
		};
		5105184728180E9D003872CD /* Build configuration list for PBXNativeTarget "FirstIosAPPUITests" */ = {
			isa = XCConfigurationList;
			buildConfigurations = (
				5105184828180E9D003872CD /* Debug */,
				5105184928180E9D003872CD /* Release */,
			);
			defaultConfigurationIsVisible = 0;
			defaultConfigurationName = Release;
		};
/* End XCConfigurationList section */
	};
	rootObject = 5105181528180E99003872CD /* Project object */;
}
